{
  "version": 4,
  "terraform_version": "1.11.4",
  "serial": 27,
  "lineage": "145e1fd8-f4b1-918c-a7a8-d1bb47fa034c",
  "outputs": {
    "ai_analyzer_arn": {
      "value": "arn:aws:lambda:us-east-1:971422717446:function:fraudguard-ai-ai-analyzer",
      "type": "string"
    },
    "decision_combiner_arn": {
      "value": "arn:aws:lambda:us-east-1:971422717446:function:fraudguard-ai-decision-combiner",
      "type": "string"
    },
    "dynamodb_table_name": {
      "value": "fraudguard-events-dev",
      "type": "string"
    },
    "honeypot_arn": {
      "value": "arn:aws:lambda:us-east-1:971422717446:function:fraudguard-ai-honeypot",
      "type": "string"
    },
    "ingestion_handler_arn": {
      "value": "arn:aws:lambda:us-east-1:971422717446:function:fraudguard-ai-ingestion-handler",
      "type": "string"
    },
    "orchestrator_arn": {
      "value": "arn:aws:lambda:us-east-1:971422717446:function:fraudguard-ai-orchestrator",
      "type": "string"
    },
    "s3_bucket_name": {
      "value": "fraudguard-ai-data-971422717446",
      "type": "string"
    }
  },
  "resources": [
    {
      "mode": "data",
      "type": "aws_caller_identity",
      "name": "current",
      "provider": "provider[\"registry.terraform.io/hashicorp/aws\"]",
      "instances": [
        {
          "schema_version": 0,
          "attributes": {
            "account_id": "971422717446",
            "arn": "arn:aws:iam::971422717446:user/yansmailbox@gmail.com",
            "id": "971422717446",
            "user_id": "AIDA6ELKOKYDPIUHOVTGD"
          },
          "sensitive_attributes": []
        }
      ]
    },
    {
      "mode": "data",
      "type": "aws_dynamodb_table",
      "name": "existing_events",
      "provider": "provider[\"registry.terraform.io/hashicorp/aws\"]",
      "instances": [
        {
          "schema_version": 0,
          "attributes": {
            "arn": "arn:aws:dynamodb:us-east-1:971422717446:table/fraudguard-events-dev",
            "attribute": [
              {
                "name": "campaign_id",
                "type": "S"
              },
              {
                "name": "device_id",
                "type": "S"
              },
              {
                "name": "event_id",
                "type": "S"
              },
              {
                "name": "gclid",
                "type": "S"
              },
              {
                "name": "keyword",
                "type": "S"
              },
              {
                "name": "target_id",
                "type": "S"
              },
              {
                "name": "timestamp",
                "type": "N"
              }
            ],
            "billing_mode": "PAY_PER_REQUEST",
            "deletion_protection_enabled": false,
            "global_secondary_index": [
              {
                "hash_key": "campaign_id",
                "name": "campaign-timestamp-index",
                "non_key_attributes": [],
                "on_demand_throughput": [],
                "projection_type": "ALL",
                "range_key": "timestamp",
                "read_capacity": 0,
                "write_capacity": 0
              },
              {
                "hash_key": "device_id",
                "name": "device-timestamp-index",
                "non_key_attributes": [],
                "on_demand_throughput": [],
                "projection_type": "ALL",
                "range_key": "timestamp",
                "read_capacity": 0,
                "write_capacity": 0
              },
              {
                "hash_key": "gclid",
                "name": "gclid-timestamp-index",
                "non_key_attributes": [],
                "on_demand_throughput": [],
                "projection_type": "ALL",
                "range_key": "timestamp",
                "read_capacity": 0,
                "write_capacity": 0
              },
              {
                "hash_key": "keyword",
                "name": "keyword-timestamp-index",
                "non_key_attributes": [],
                "on_demand_throughput": [],
                "projection_type": "ALL",
                "range_key": "timestamp",
                "read_capacity": 0,
                "write_capacity": 0
              },
              {
                "hash_key": "target_id",
                "name": "target-timestamp-index",
                "non_key_attributes": [],
                "on_demand_throughput": [],
                "projection_type": "ALL",
                "range_key": "timestamp",
                "read_capacity": 0,
                "write_capacity": 0
              }
            ],
            "hash_key": "event_id",
            "id": "fraudguard-events-dev",
            "local_secondary_index": [],
            "name": "fraudguard-events-dev",
            "on_demand_throughput": [],
            "point_in_time_recovery": [
              {
                "enabled": false,
                "recovery_period_in_days": 0
              }
            ],
            "range_key": null,
            "read_capacity": 0,
            "replica": [],
            "server_side_encryption": [],
            "stream_arn": "",
            "stream_enabled": false,
            "stream_label": "",
            "stream_view_type": "",
            "table_class": "STANDARD",
            "tags": {},
            "ttl": [
              {
                "attribute_name": "",
                "enabled": false
              }
            ],
            "write_capacity": 0
          },
          "sensitive_attributes": []
        }
      ]
    },
    {
      "mode": "data",
      "type": "aws_iam_role",
      "name": "existing_ai_analyzer_role",
      "provider": "provider[\"registry.terraform.io/hashicorp/aws\"]",
      "instances": [
        {
          "schema_version": 0,
          "attributes": {
            "arn": "arn:aws:iam::971422717446:role/fraudguard-ai-AIAnalyzerRole-5MQCC15u0aa6",
            "assume_role_policy": "{\"Version\":\"2012-10-17\",\"Statement\":[{\"Effect\":\"Allow\",\"Principal\":{\"Service\":\"lambda.amazonaws.com\"},\"Action\":\"sts:AssumeRole\"}]}",
            "create_date": "2025-11-07T20:49:46Z",
            "description": "",
            "id": "fraudguard-ai-AIAnalyzerRole-5MQCC15u0aa6",
            "max_session_duration": 3600,
            "name": "fraudguard-ai-AIAnalyzerRole-5MQCC15u0aa6",
            "path": "/",
            "permissions_boundary": "",
            "role_last_used": [
              {
                "last_used_date": "2025-11-07T21:58:48Z",
                "region": "us-east-1"
              }
            ],
            "tags": {
              "lambda:createdBy": "SAM"
            },
            "unique_id": "AROA6ELKOKYDGFE3JF4NH"
          },
          "sensitive_attributes": []
        }
      ]
    },
    {
      "mode": "data",
      "type": "aws_iam_role",
      "name": "existing_decision_combiner_role",
      "provider": "provider[\"registry.terraform.io/hashicorp/aws\"]",
      "instances": [
        {
          "schema_version": 0,
          "attributes": {
            "arn": "arn:aws:iam::971422717446:role/fraudguard-ai-DecisionCombinerRole-pbRjQV8V0IUn",
            "assume_role_policy": "{\"Version\":\"2012-10-17\",\"Statement\":[{\"Effect\":\"Allow\",\"Principal\":{\"Service\":\"lambda.amazonaws.com\"},\"Action\":\"sts:AssumeRole\"}]}",
            "create_date": "2025-11-07T20:49:45Z",
            "description": "",
            "id": "fraudguard-ai-DecisionCombinerRole-pbRjQV8V0IUn",
            "max_session_duration": 3600,
            "name": "fraudguard-ai-DecisionCombinerRole-pbRjQV8V0IUn",
            "path": "/",
            "permissions_boundary": "",
            "role_last_used": [
              {
                "last_used_date": "2025-11-07T21:53:03Z",
                "region": "us-east-1"
              }
            ],
            "tags": {
              "lambda:createdBy": "SAM"
            },
            "unique_id": "AROA6ELKOKYDLSMHDBM5J"
          },
          "sensitive_attributes": []
        }
      ]
    },
    {
      "mode": "data",
      "type": "aws_iam_role",
      "name": "existing_honeypot_role",
      "provider": "provider[\"registry.terraform.io/hashicorp/aws\"]",
      "instances": [
        {
          "schema_version": 0,
          "attributes": {
            "arn": "arn:aws:iam::971422717446:role/fraudguard-ai-HoneypotFunctionRole-qd95QAiF1c4F",
            "assume_role_policy": "{\"Version\":\"2012-10-17\",\"Statement\":[{\"Effect\":\"Allow\",\"Principal\":{\"Service\":\"lambda.amazonaws.com\"},\"Action\":\"sts:AssumeRole\"}]}",
            "create_date": "2025-11-07T22:25:51Z",
            "description": "",
            "id": "fraudguard-ai-HoneypotFunctionRole-qd95QAiF1c4F",
            "max_session_duration": 3600,
            "name": "fraudguard-ai-HoneypotFunctionRole-qd95QAiF1c4F",
            "path": "/",
            "permissions_boundary": "",
            "role_last_used": [
              {
                "last_used_date": "2025-11-10T20:19:04Z",
                "region": "us-east-1"
              }
            ],
            "tags": {
              "lambda:createdBy": "SAM"
            },
            "unique_id": "AROA6ELKOKYDPSEOXIOR6"
          },
          "sensitive_attributes": []
        }
      ]
    },
    {
      "mode": "data",
      "type": "aws_iam_role",
      "name": "existing_ingestion_handler_role",
      "provider": "provider[\"registry.terraform.io/hashicorp/aws\"]",
      "instances": [
        {
          "schema_version": 0,
          "attributes": {
            "arn": "arn:aws:iam::971422717446:role/fraudguard-ai-IngestionHandlerRole-znlfQeLxomxF",
            "assume_role_policy": "{\"Version\":\"2012-10-17\",\"Statement\":[{\"Effect\":\"Allow\",\"Principal\":{\"Service\":\"lambda.amazonaws.com\"},\"Action\":\"sts:AssumeRole\"}]}",
            "create_date": "2025-11-07T20:50:01Z",
            "description": "",
            "id": "fraudguard-ai-IngestionHandlerRole-znlfQeLxomxF",
            "max_session_duration": 3600,
            "name": "fraudguard-ai-IngestionHandlerRole-znlfQeLxomxF",
            "path": "/",
            "permissions_boundary": "",
            "role_last_used": [
              {
                "last_used_date": "2025-11-07T21:36:49Z",
                "region": "us-east-1"
              }
            ],
            "tags": {
              "lambda:createdBy": "SAM"
            },
            "unique_id": "AROA6ELKOKYDKLSTG6KEE"
          },
          "sensitive_attributes": []
        }
      ]
    },
    {
      "mode": "data",
      "type": "aws_iam_role",
      "name": "existing_orchestrator_role",
      "provider": "provider[\"registry.terraform.io/hashicorp/aws\"]",
      "instances": [
        {
          "schema_version": 0,
          "attributes": {
            "arn": "arn:aws:iam::971422717446:role/fraudguard-ai-FraudOrchestratorRole-oFPS99y2YsLm",
            "assume_role_policy": "{\"Version\":\"2012-10-17\",\"Statement\":[{\"Effect\":\"Allow\",\"Principal\":{\"Service\":\"lambda.amazonaws.com\"},\"Action\":\"sts:AssumeRole\"}]}",
            "create_date": "2025-11-07T20:50:01Z",
            "description": "",
            "id": "fraudguard-ai-FraudOrchestratorRole-oFPS99y2YsLm",
            "max_session_duration": 3600,
            "name": "fraudguard-ai-FraudOrchestratorRole-oFPS99y2YsLm",
            "path": "/",
            "permissions_boundary": "",
            "role_last_used": [
              {
                "last_used_date": "2025-11-07T22:01:57Z",
                "region": "us-east-1"
              }
            ],
            "tags": {
              "lambda:createdBy": "SAM"
            },
            "unique_id": "AROA6ELKOKYDKFGCAKGHD"
          },
          "sensitive_attributes": []
        }
      ]
    },
    {
      "mode": "data",
      "type": "aws_lambda_function",
      "name": "existing_ai_analyzer",
      "provider": "provider[\"registry.terraform.io/hashicorp/aws\"]",
      "instances": [
        {
          "schema_version": 0,
          "attributes": {
            "architectures": [
              "x86_64"
            ],
            "arn": "arn:aws:lambda:us-east-1:971422717446:function:fraudguard-ai-ai-analyzer",
            "code_sha256": "m6FH70YXULVPAUwgvepx3SgwYC66ApgydbVZwys5ngs=",
            "code_signing_config_arn": "",
            "dead_letter_config": [],
            "description": "Deep fraud analysis using Amazon Bedrock Claude",
            "environment": [
              {
                "variables": {
                  "BEDROCK_MODEL_ID": "anthropic.claude-3-5-sonnet-20240620-v1:0",
                  "DYNAMODB_TABLE_NAME": "fraudguard-events-dev",
                  "S3_BUCKET_NAME": "fraudguard-ai-data-971422717446"
                }
              }
            ],
            "ephemeral_storage": [
              {
                "size": 512
              }
            ],
            "file_system_config": [],
            "function_name": "fraudguard-ai-ai-analyzer",
            "handler": "app.lambda_handler",
            "id": "fraudguard-ai-ai-analyzer",
            "image_uri": "",
            "invoke_arn": "arn:aws:apigateway:us-east-1:lambda:path/2015-03-31/functions/arn:aws:lambda:us-east-1:971422717446:function:fraudguard-ai-ai-analyzer/invocations",
            "kms_key_arn": "",
            "last_modified": "2025-11-07T20:50:07.744+0000",
            "layers": [],
            "logging_config": [
              {
                "application_log_level": "",
                "log_format": "Text",
                "log_group": "/aws/lambda/fraudguard-ai-ai-analyzer",
                "system_log_level": ""
              }
            ],
            "memory_size": 1024,
            "qualified_arn": "arn:aws:lambda:us-east-1:971422717446:function:fraudguard-ai-ai-analyzer:$LATEST",
            "qualified_invoke_arn": "arn:aws:apigateway:us-east-1:lambda:path/2015-03-31/functions/arn:aws:lambda:us-east-1:971422717446:function:fraudguard-ai-ai-analyzer:$LATEST/invocations",
            "qualifier": null,
            "reserved_concurrent_executions": -1,
            "role": "arn:aws:iam::971422717446:role/fraudguard-ai-AIAnalyzerRole-5MQCC15u0aa6",
            "runtime": "python3.11",
            "signing_job_arn": "",
            "signing_profile_version_arn": "",
            "source_code_hash": "m6FH70YXULVPAUwgvepx3SgwYC66ApgydbVZwys5ngs=",
            "source_code_size": 14723759,
            "tags": {
              "lambda:createdBy": "SAM"
            },
            "timeout": 30,
            "tracing_config": [
              {
                "mode": "PassThrough"
              }
            ],
            "version": "$LATEST",
            "vpc_config": []
          },
          "sensitive_attributes": []
        }
      ]
    },
    {
      "mode": "data",
      "type": "aws_lambda_function",
      "name": "existing_decision_combiner",
      "provider": "provider[\"registry.terraform.io/hashicorp/aws\"]",
      "instances": [
        {
          "schema_version": 0,
          "attributes": {
            "architectures": [
              "x86_64"
            ],
            "arn": "arn:aws:lambda:us-east-1:971422717446:function:fraudguard-ai-decision-combiner",
            "code_sha256": "psIvFmC32/jaVD3u5klMAR46FVDED0ozBam0xWCZ+oU=",
            "code_signing_config_arn": "",
            "dead_letter_config": [],
            "description": "Combine ML and AI scores for final fraud decisions",
            "environment": [
              {
                "variables": {
                  "AI_WEIGHT": "0.6",
                  "DYNAMODB_TABLE_NAME": "fraudguard-events-dev",
                  "ENSEMBLE_METHOD": "confidence_weighted",
                  "FRAUD_THRESHOLD": "0.65",
                  "ML_WEIGHT": "0.4",
                  "REVIEW_THRESHOLD": "0.5",
                  "S3_BUCKET_NAME": "fraudguard-ai-data-971422717446"
                }
              }
            ],
            "ephemeral_storage": [
              {
                "size": 512
              }
            ],
            "file_system_config": [],
            "function_name": "fraudguard-ai-decision-combiner",
            "handler": "app.lambda_handler",
            "id": "fraudguard-ai-decision-combiner",
            "image_uri": "",
            "invoke_arn": "arn:aws:apigateway:us-east-1:lambda:path/2015-03-31/functions/arn:aws:lambda:us-east-1:971422717446:function:fraudguard-ai-decision-combiner/invocations",
            "kms_key_arn": "",
            "last_modified": "2025-11-07T20:50:07.469+0000",
            "layers": [],
            "logging_config": [
              {
                "application_log_level": "",
                "log_format": "Text",
                "log_group": "/aws/lambda/fraudguard-ai-decision-combiner",
                "system_log_level": ""
              }
            ],
            "memory_size": 512,
            "qualified_arn": "arn:aws:lambda:us-east-1:971422717446:function:fraudguard-ai-decision-combiner:$LATEST",
            "qualified_invoke_arn": "arn:aws:apigateway:us-east-1:lambda:path/2015-03-31/functions/arn:aws:lambda:us-east-1:971422717446:function:fraudguard-ai-decision-combiner:$LATEST/invocations",
            "qualifier": null,
            "reserved_concurrent_executions": -1,
            "role": "arn:aws:iam::971422717446:role/fraudguard-ai-DecisionCombinerRole-pbRjQV8V0IUn",
            "runtime": "python3.11",
            "signing_job_arn": "",
            "signing_profile_version_arn": "",
            "source_code_hash": "psIvFmC32/jaVD3u5klMAR46FVDED0ozBam0xWCZ+oU=",
            "source_code_size": 14717482,
            "tags": {
              "lambda:createdBy": "SAM"
            },
            "timeout": 10,
            "tracing_config": [
              {
                "mode": "PassThrough"
              }
            ],
            "version": "$LATEST",
            "vpc_config": []
          },
          "sensitive_attributes": []
        }
      ]
    },
    {
      "mode": "data",
      "type": "aws_lambda_function",
      "name": "existing_honeypot",
      "provider": "provider[\"registry.terraform.io/hashicorp/aws\"]",
      "instances": [
        {
          "schema_version": 0,
          "attributes": {
            "architectures": [
              "x86_64"
            ],
            "arn": "arn:aws:lambda:us-east-1:971422717446:function:fraudguard-ai-honeypot",
            "code_sha256": "PYgAXKvHq6Zw+rdn0W5KBdUQbghNujXA05gBMTt0ZPs=",
            "code_signing_config_arn": "",
            "dead_letter_config": [],
            "description": "",
            "environment": [
              {
                "variables": {
                  "DYNAMODB_TABLE_NAME": "fraudguard-events-dev",
                  "INGESTION_FUNCTION": "fraudguard-ai-ingestion-handler",
                  "S3_BUCKET_NAME": "fraudguard-ai-data-971422717446"
                }
              }
            ],
            "ephemeral_storage": [
              {
                "size": 512
              }
            ],
            "file_system_config": [],
            "function_name": "fraudguard-ai-honeypot",
            "handler": "app.lambda_handler",
            "id": "fraudguard-ai-honeypot",
            "image_uri": "",
            "invoke_arn": "arn:aws:apigateway:us-east-1:lambda:path/2015-03-31/functions/arn:aws:lambda:us-east-1:971422717446:function:fraudguard-ai-honeypot/invocations",
            "kms_key_arn": "",
            "last_modified": "2025-11-07T22:26:17.076+0000",
            "layers": [],
            "logging_config": [
              {
                "application_log_level": "",
                "log_format": "Text",
                "log_group": "/aws/lambda/fraudguard-ai-honeypot",
                "system_log_level": ""
              }
            ],
            "memory_size": 512,
            "qualified_arn": "arn:aws:lambda:us-east-1:971422717446:function:fraudguard-ai-honeypot:$LATEST",
            "qualified_invoke_arn": "arn:aws:apigateway:us-east-1:lambda:path/2015-03-31/functions/arn:aws:lambda:us-east-1:971422717446:function:fraudguard-ai-honeypot:$LATEST/invocations",
            "qualifier": null,
            "reserved_concurrent_executions": -1,
            "role": "arn:aws:iam::971422717446:role/fraudguard-ai-HoneypotFunctionRole-qd95QAiF1c4F",
            "runtime": "python3.11",
            "signing_job_arn": "",
            "signing_profile_version_arn": "",
            "source_code_hash": "PYgAXKvHq6Zw+rdn0W5KBdUQbghNujXA05gBMTt0ZPs=",
            "source_code_size": 13084293,
            "tags": {
              "lambda:createdBy": "SAM"
            },
            "timeout": 30,
            "tracing_config": [
              {
                "mode": "PassThrough"
              }
            ],
            "version": "$LATEST",
            "vpc_config": []
          },
          "sensitive_attributes": []
        }
      ]
    },
    {
      "mode": "data",
      "type": "aws_lambda_function",
      "name": "existing_ingestion_handler",
      "provider": "provider[\"registry.terraform.io/hashicorp/aws\"]",
      "instances": [
        {
          "schema_version": 0,
          "attributes": {
            "architectures": [
              "x86_64"
            ],
            "arn": "arn:aws:lambda:us-east-1:971422717446:function:fraudguard-ai-ingestion-handler",
            "code_sha256": "xxhhm5WNecBgInAVhiceALLPe6i/0Zm64m8FESwGNiE=",
            "code_signing_config_arn": "",
            "dead_letter_config": [],
            "description": "Parse and enrich ad events, store in DynamoDB and S3",
            "environment": [
              {
                "variables": {
                  "DYNAMODB_TABLE_NAME": "fraudguard-events-dev",
                  "S3_BUCKET_NAME": "fraudguard-ai-data-971422717446"
                }
              }
            ],
            "ephemeral_storage": [
              {
                "size": 512
              }
            ],
            "file_system_config": [],
            "function_name": "fraudguard-ai-ingestion-handler",
            "handler": "app.lambda_handler",
            "id": "fraudguard-ai-ingestion-handler",
            "image_uri": "",
            "invoke_arn": "arn:aws:apigateway:us-east-1:lambda:path/2015-03-31/functions/arn:aws:lambda:us-east-1:971422717446:function:fraudguard-ai-ingestion-handler/invocations",
            "kms_key_arn": "",
            "last_modified": "2025-11-07T21:51:26.000+0000",
            "layers": [],
            "logging_config": [
              {
                "application_log_level": "",
                "log_format": "Text",
                "log_group": "/aws/lambda/fraudguard-ai-ingestion-handler",
                "system_log_level": ""
              }
            ],
            "memory_size": 512,
            "qualified_arn": "arn:aws:lambda:us-east-1:971422717446:function:fraudguard-ai-ingestion-handler:$LATEST",
            "qualified_invoke_arn": "arn:aws:apigateway:us-east-1:lambda:path/2015-03-31/functions/arn:aws:lambda:us-east-1:971422717446:function:fraudguard-ai-ingestion-handler:$LATEST/invocations",
            "qualifier": null,
            "reserved_concurrent_executions": -1,
            "role": "arn:aws:iam::971422717446:role/fraudguard-ai-IngestionHandlerRole-znlfQeLxomxF",
            "runtime": "python3.11",
            "signing_job_arn": "",
            "signing_profile_version_arn": "",
            "source_code_hash": "xxhhm5WNecBgInAVhiceALLPe6i/0Zm64m8FESwGNiE=",
            "source_code_size": 14716011,
            "tags": {
              "lambda:createdBy": "SAM"
            },
            "timeout": 30,
            "tracing_config": [
              {
                "mode": "PassThrough"
              }
            ],
            "version": "$LATEST",
            "vpc_config": []
          },
          "sensitive_attributes": []
        }
      ]
    },
    {
      "mode": "data",
      "type": "aws_lambda_function",
      "name": "existing_orchestrator",
      "provider": "provider[\"registry.terraform.io/hashicorp/aws\"]",
      "instances": [
        {
          "schema_version": 0,
          "attributes": {
            "architectures": [
              "x86_64"
            ],
            "arn": "arn:aws:lambda:us-east-1:971422717446:function:fraudguard-ai-orchestrator",
            "code_sha256": "c65Tw7LHgjiCvuWRtV0FnDn+2fzKBUAi0W980Bi0rQM=",
            "code_signing_config_arn": "",
            "dead_letter_config": [],
            "description": "Route events to ML or ML+AI analysis path",
            "environment": [
              {
                "variables": {
                  "AI_ANALYZER_FUNCTION": "arn:aws:lambda:us-east-1:971422717446:function:fraudguard-ai-ai-analyzer",
                  "DECISION_COMBINER_FUNCTION": "arn:aws:lambda:us-east-1:971422717446:function:fraudguard-ai-decision-combiner",
                  "DYNAMODB_TABLE_NAME": "fraudguard-events-dev",
                  "S3_BUCKET_NAME": "fraudguard-ai-data-971422717446",
                  "SAGEMAKER_ENDPOINT": "fraudguard-xgboost-endpoint"
                }
              }
            ],
            "ephemeral_storage": [
              {
                "size": 512
              }
            ],
            "file_system_config": [],
            "function_name": "fraudguard-ai-orchestrator",
            "handler": "app.lambda_handler",
            "id": "fraudguard-ai-orchestrator",
            "image_uri": "",
            "invoke_arn": "arn:aws:apigateway:us-east-1:lambda:path/2015-03-31/functions/arn:aws:lambda:us-east-1:971422717446:function:fraudguard-ai-orchestrator/invocations",
            "kms_key_arn": "",
            "last_modified": "2025-11-07T22:25:54.000+0000",
            "layers": [],
            "logging_config": [
              {
                "application_log_level": "",
                "log_format": "Text",
                "log_group": "/aws/lambda/fraudguard-ai-orchestrator",
                "system_log_level": ""
              }
            ],
            "memory_size": 1024,
            "qualified_arn": "arn:aws:lambda:us-east-1:971422717446:function:fraudguard-ai-orchestrator:$LATEST",
            "qualified_invoke_arn": "arn:aws:apigateway:us-east-1:lambda:path/2015-03-31/functions/arn:aws:lambda:us-east-1:971422717446:function:fraudguard-ai-orchestrator:$LATEST/invocations",
            "qualifier": null,
            "reserved_concurrent_executions": -1,
            "role": "arn:aws:iam::971422717446:role/fraudguard-ai-FraudOrchestratorRole-oFPS99y2YsLm",
            "runtime": "python3.11",
            "signing_job_arn": "",
            "signing_profile_version_arn": "",
            "source_code_hash": "c65Tw7LHgjiCvuWRtV0FnDn+2fzKBUAi0W980Bi0rQM=",
            "source_code_size": 14722460,
            "tags": {
              "lambda:createdBy": "SAM"
            },
            "timeout": 300,
            "tracing_config": [
              {
                "mode": "PassThrough"
              }
            ],
            "version": "$LATEST",
            "vpc_config": []
          },
          "sensitive_attributes": []
        }
      ]
    },
    {
      "mode": "managed",
      "type": "aws_dynamodb_table",
      "name": "events",
      "provider": "provider[\"registry.terraform.io/hashicorp/aws\"]",
      "instances": [
        {
          "schema_version": 1,
          "attributes": {
            "arn": "arn:aws:dynamodb:us-east-1:971422717446:table/fraudguard-events-dev",
            "attribute": [
              {
                "name": "campaign_id",
                "type": "S"
              },
              {
                "name": "device_id",
                "type": "S"
              },
              {
                "name": "event_id",
                "type": "S"
              },
              {
                "name": "gclid",
                "type": "S"
              },
              {
                "name": "keyword",
                "type": "S"
              },
              {
                "name": "target_id",
                "type": "S"
              },
              {
                "name": "timestamp",
                "type": "N"
              }
            ],
            "billing_mode": "PAY_PER_REQUEST",
            "deletion_protection_enabled": false,
            "global_secondary_index": [
              {
                "hash_key": "campaign_id",
                "name": "campaign-timestamp-index",
                "non_key_attributes": [],
                "on_demand_throughput": [],
                "projection_type": "ALL",
                "range_key": "timestamp",
                "read_capacity": 0,
                "write_capacity": 0
              },
              {
                "hash_key": "device_id",
                "name": "device-timestamp-index",
                "non_key_attributes": [],
                "on_demand_throughput": [],
                "projection_type": "ALL",
                "range_key": "timestamp",
                "read_capacity": 0,
                "write_capacity": 0
              },
              {
                "hash_key": "gclid",
                "name": "gclid-timestamp-index",
                "non_key_attributes": [],
                "on_demand_throughput": [],
                "projection_type": "ALL",
                "range_key": "timestamp",
                "read_capacity": 0,
                "write_capacity": 0
              },
              {
                "hash_key": "keyword",
                "name": "keyword-timestamp-index",
                "non_key_attributes": [],
                "on_demand_throughput": [],
                "projection_type": "ALL",
                "range_key": "timestamp",
                "read_capacity": 0,
                "write_capacity": 0
              },
              {
                "hash_key": "target_id",
                "name": "target-timestamp-index",
                "non_key_attributes": [],
                "on_demand_throughput": [],
                "projection_type": "ALL",
                "range_key": "timestamp",
                "read_capacity": 0,
                "write_capacity": 0
              }
            ],
            "hash_key": "event_id",
            "id": "fraudguard-events-dev",
            "import_table": [],
            "local_secondary_index": [],
            "name": "fraudguard-events-dev",
            "on_demand_throughput": [],
            "point_in_time_recovery": [
              {
                "enabled": true,
                "recovery_period_in_days": 35
              }
            ],
            "range_key": null,
            "read_capacity": 0,
            "replica": [],
            "restore_date_time": null,
            "restore_source_name": null,
            "restore_source_table_arn": null,
            "restore_to_latest_time": null,
            "server_side_encryption": [],
            "stream_arn": "",
            "stream_enabled": false,
            "stream_label": "",
            "stream_view_type": "",
            "table_class": "STANDARD",
            "tags": {
              "Environment": "dev",
              "ManagedBy": "Terraform",
              "Project": "FraudGuardAI"
            },
            "tags_all": {
              "Environment": "dev",
              "ManagedBy": "Terraform",
              "Project": "FraudGuardAI"
            },
            "timeouts": null,
            "ttl": [
              {
                "attribute_name": "",
                "enabled": false
              }
            ],
            "write_capacity": 0
          },
          "sensitive_attributes": [],
          "private": "eyJlMmJmYjczMC1lY2FhLTExZTYtOGY4OC0zNDM2M2JjN2M0YzAiOnsiY3JlYXRlIjoxODAwMDAwMDAwMDAwLCJkZWxldGUiOjYwMDAwMDAwMDAwMCwidXBkYXRlIjozNjAwMDAwMDAwMDAwfSwic2NoZW1hX3ZlcnNpb24iOiIxIn0="
        }
      ]
    },
    {
      "mode": "managed",
      "type": "aws_s3_bucket",
      "name": "data",
      "provider": "provider[\"registry.terraform.io/hashicorp/aws\"]",
      "instances": [
        {
          "schema_version": 0,
          "attributes": {
            "acceleration_status": "",
            "acl": null,
            "arn": "arn:aws:s3:::fraudguard-ai-data-971422717446",
            "bucket": "fraudguard-ai-data-971422717446",
            "bucket_domain_name": "fraudguard-ai-data-971422717446.s3.amazonaws.com",
            "bucket_prefix": "",
            "bucket_regional_domain_name": "fraudguard-ai-data-971422717446.s3.us-east-1.amazonaws.com",
            "cors_rule": [],
            "force_destroy": false,
            "grant": [
              {
                "id": "ca43bc45a38744637f57d1edad3096e26c2e9253f83dcee2e64c2c79d5863c5c",
                "permissions": [
                  "FULL_CONTROL"
                ],
                "type": "CanonicalUser",
                "uri": ""
              }
            ],
            "hosted_zone_id": "Z3AQBSTGFYJSTF",
            "id": "fraudguard-ai-data-971422717446",
            "lifecycle_rule": [
              {
                "abort_incomplete_multipart_upload_days": 0,
                "enabled": true,
                "expiration": [],
                "id": "ArchiveOldData",
                "noncurrent_version_expiration": [],
                "noncurrent_version_transition": [],
                "prefix": "",
                "tags": {},
                "transition": [
                  {
                    "date": "",
                    "days": 90,
                    "storage_class": "GLACIER"
                  }
                ]
              },
              {
                "abort_incomplete_multipart_upload_days": 0,
                "enabled": true,
                "expiration": [],
                "id": "DeleteOldVersions",
                "noncurrent_version_expiration": [
                  {
                    "days": 90
                  }
                ],
                "noncurrent_version_transition": [
                  {
                    "days": 30,
                    "storage_class": "GLACIER_IR"
                  }
                ],
                "prefix": "",
                "tags": {},
                "transition": []
              }
            ],
            "logging": [],
            "object_lock_configuration": [],
            "object_lock_enabled": false,
            "policy": "{\"Statement\":[{\"Action\":\"s3:*\",\"Condition\":{\"Bool\":{\"aws:SecureTransport\":\"false\"}},\"Effect\":\"Deny\",\"Principal\":\"*\",\"Resource\":[\"arn:aws:s3:::fraudguard-ai-data-971422717446/*\",\"arn:aws:s3:::fraudguard-ai-data-971422717446\"],\"Sid\":\"DenyInsecureConnections\"}],\"Version\":\"2012-10-17\"}",
            "region": "us-east-1",
            "replication_configuration": [],
            "request_payer": "BucketOwner",
            "server_side_encryption_configuration": [
              {
                "rule": [
                  {
                    "apply_server_side_encryption_by_default": [
                      {
                        "kms_master_key_id": "",
                        "sse_algorithm": "AES256"
                      }
                    ],
                    "bucket_key_enabled": false
                  }
                ]
              }
            ],
            "tags": {
              "Environment": "dev",
              "ManagedBy": "Terraform",
              "Project": "FraudGuardAI"
            },
            "tags_all": {
              "Environment": "dev",
              "ManagedBy": "Terraform",
              "Project": "FraudGuardAI"
            },
            "timeouts": null,
            "versioning": [
              {
                "enabled": true,
                "mfa_delete": false
              }
            ],
            "website": [],
            "website_domain": null,
            "website_endpoint": null
          },
          "sensitive_attributes": [],
          "private": "eyJlMmJmYjczMC1lY2FhLTExZTYtOGY4OC0zNDM2M2JjN2M0YzAiOnsiY3JlYXRlIjoxMjAwMDAwMDAwMDAwLCJkZWxldGUiOjM2MDAwMDAwMDAwMDAsInJlYWQiOjEyMDAwMDAwMDAwMDAsInVwZGF0ZSI6MTIwMDAwMDAwMDAwMH19",
          "dependencies": [
            "data.aws_caller_identity.current"
          ]
        }
      ]
    },
    {
      "mode": "managed",
      "type": "aws_s3_bucket_lifecycle_configuration",
      "name": "data",
      "provider": "provider[\"registry.terraform.io/hashicorp/aws\"]",
      "instances": [
        {
          "schema_version": 1,
          "attributes": {
            "bucket": "fraudguard-ai-data-971422717446",
            "expected_bucket_owner": "",
            "id": "fraudguard-ai-data-971422717446",
            "rule": [
              {
                "abort_incomplete_multipart_upload": [],
                "expiration": [],
                "filter": [
                  {
                    "and": [],
                    "object_size_greater_than": null,
                    "object_size_less_than": null,
                    "prefix": "",
                    "tag": []
                  }
                ],
                "id": "ArchiveOldData",
                "noncurrent_version_expiration": [],
                "noncurrent_version_transition": [],
                "prefix": "",
                "status": "Enabled",
                "transition": [
                  {
                    "date": null,
                    "days": 90,
                    "storage_class": "GLACIER"
                  }
                ]
              },
              {
                "abort_incomplete_multipart_upload": [],
                "expiration": [],
                "filter": [
                  {
                    "and": [],
                    "object_size_greater_than": null,
                    "object_size_less_than": null,
                    "prefix": "",
                    "tag": []
                  }
                ],
                "id": "DeleteOldVersions",
                "noncurrent_version_expiration": [
                  {
                    "newer_noncurrent_versions": null,
                    "noncurrent_days": 90
                  }
                ],
                "noncurrent_version_transition": [
                  {
                    "newer_noncurrent_versions": null,
                    "noncurrent_days": 30,
                    "storage_class": "GLACIER_IR"
                  }
                ],
                "prefix": "",
                "status": "Enabled",
                "transition": []
              }
            ],
            "timeouts": null,
            "transition_default_minimum_object_size": "all_storage_classes_128K"
          },
          "sensitive_attributes": [],
          "dependencies": [
            "aws_s3_bucket.data",
            "data.aws_caller_identity.current"
          ]
        }
      ]
    },
    {
      "mode": "managed",
      "type": "aws_s3_bucket_policy",
      "name": "data",
      "provider": "provider[\"registry.terraform.io/hashicorp/aws\"]",
      "instances": [
        {
          "schema_version": 0,
          "attributes": {
            "bucket": "fraudguard-ai-data-971422717446",
            "id": "fraudguard-ai-data-971422717446",
            "policy": "{\"Statement\":[{\"Action\":\"s3:*\",\"Condition\":{\"Bool\":{\"aws:SecureTransport\":\"false\"}},\"Effect\":\"Deny\",\"Principal\":\"*\",\"Resource\":[\"arn:aws:s3:::fraudguard-ai-data-971422717446/*\",\"arn:aws:s3:::fraudguard-ai-data-971422717446\"],\"Sid\":\"DenyInsecureConnections\"}],\"Version\":\"2012-10-17\"}"
          },
          "sensitive_attributes": [],
          "private": "bnVsbA==",
          "dependencies": [
            "aws_s3_bucket.data",
            "data.aws_caller_identity.current"
          ]
        }
      ]
    },
    {
      "mode": "managed",
      "type": "aws_s3_bucket_public_access_block",
      "name": "data",
      "provider": "provider[\"registry.terraform.io/hashicorp/aws\"]",
      "instances": [
        {
          "schema_version": 0,
          "attributes": {
            "block_public_acls": true,
            "block_public_policy": true,
            "bucket": "fraudguard-ai-data-971422717446",
            "id": "fraudguard-ai-data-971422717446",
            "ignore_public_acls": true,
            "restrict_public_buckets": true
          },
          "sensitive_attributes": [],
          "private": "bnVsbA==",
          "dependencies": [
            "aws_s3_bucket.data",
            "data.aws_caller_identity.current"
          ]
        }
      ]
    },
    {
      "mode": "managed",
      "type": "aws_s3_bucket_server_side_encryption_configuration",
      "name": "data",
      "provider": "provider[\"registry.terraform.io/hashicorp/aws\"]",
      "instances": [
        {
          "schema_version": 0,
          "attributes": {
            "bucket": "fraudguard-ai-data-971422717446",
            "expected_bucket_owner": "",
            "id": "fraudguard-ai-data-971422717446",
            "rule": [
              {
                "apply_server_side_encryption_by_default": [
                  {
                    "kms_master_key_id": "",
                    "sse_algorithm": "AES256"
                  }
                ],
                "bucket_key_enabled": false
              }
            ]
          },
          "sensitive_attributes": [],
          "private": "bnVsbA==",
          "dependencies": [
            "aws_s3_bucket.data",
            "data.aws_caller_identity.current"
          ]
        }
      ]
    },
    {
      "mode": "managed",
      "type": "aws_s3_bucket_versioning",
      "name": "data",
      "provider": "provider[\"registry.terraform.io/hashicorp/aws\"]",
      "instances": [
        {
          "schema_version": 0,
          "attributes": {
            "bucket": "fraudguard-ai-data-971422717446",
            "expected_bucket_owner": "",
            "id": "fraudguard-ai-data-971422717446",
            "mfa": null,
            "versioning_configuration": [
              {
                "mfa_delete": "",
                "status": "Enabled"
              }
            ]
          },
          "sensitive_attributes": [],
          "private": "bnVsbA==",
          "dependencies": [
            "aws_s3_bucket.data",
            "data.aws_caller_identity.current"
          ]
        }
      ]
    }
  ],
  "check_results": [
    {
      "object_kind": "var",
      "config_addr": "var.environment",
      "status": "pass",
      "objects": [
        {
          "object_addr": "var.environment",
          "status": "pass"
        }
      ]
    }
  ]
}
